
Microsoft Visual Studio Solution File, Format Version 12.00
# Visual Studio Version 16
VisualStudioVersion = 16.0.33927.289
MinimumVisualStudioVersion = 10.0.40219.1
Project("{FAE04EC0-301F-11D3-BF4B-00C04F79EFBC}") = "Tyuiu.IlyinME.Sprint2.Task0.V17", "Tyuiu.IlyinME.Sprint2.Task0.V17\Tyuiu.IlyinME.Sprint2.Task0.V17.csproj", "{5A9206D8-6BC7-49B9-9E34-595EC63C7E0B}"
EndProject
Project("{2150E333-8FDC-42A3-9474-1A3956D46DE8}") = "Task0", "Task0", "{878717BA-9C0F-488E-B388-9F8D08C75299}"
EndProject
Project("{FAE04EC0-301F-11D3-BF4B-00C04F79EFBC}") = "Tyuiu.IlyinME.Sprint2.Task0.V17.Lib", "Tyuiu.IlyinME.Sprint2.Task0.V17.Lib\Tyuiu.IlyinME.Sprint2.Task0.V17.Lib.csproj", "{B7FB55D8-5233-496A-BA4C-64D73038511A}"
EndProject
Project("{FAE04EC0-301F-11D3-BF4B-00C04F79EFBC}") = "Tyuiu.IlyinME.Sprint2.Task0.V17.Test", "Tyuiu.IlyinME.Sprint2.Task0.V17.Test\Tyuiu.IlyinME.Sprint2.Task0.V17.Test.csproj", "{527F6989-EB86-474C-A02D-8F6065FFCBBC}"
EndProject
Project("{2150E333-8FDC-42A3-9474-1A3956D46DE8}") = "Task1", "Task1", "{CA1D21B5-B10E-452E-B018-127C3D072A7E}"
EndProject
Project("{FAE04EC0-301F-11D3-BF4B-00C04F79EFBC}") = "Tyuiu.IlyinME.Sprint2.Task1.V3", "Tyuiu.IlyinME.Sprint2.Task1.V3\Tyuiu.IlyinME.Sprint2.Task1.V3.csproj", "{8E0B37B6-7FB9-4DEE-B305-97EFF2BC687D}"
EndProject
Project("{FAE04EC0-301F-11D3-BF4B-00C04F79EFBC}") = "Tyuiu.IlyinME.Sprint2.Task1.V3.Lib", "Tyuiu.IlyinME.Sprint2.Task1.V3.Lib\Tyuiu.IlyinME.Sprint2.Task1.V3.Lib.csproj", "{9602F10E-B6DE-4A5C-AE4D-C331E0961435}"
EndProject
Project("{FAE04EC0-301F-11D3-BF4B-00C04F79EFBC}") = "Tyuiu.IlyinME.Sprint2.Task1.V3.Test", "Tyuiu.IlyinME.Sprint2.Task1.V3.Test\Tyuiu.IlyinME.Sprint2.Task1.V3.Test.csproj", "{BB79852B-F75B-415A-8C0C-83835F0F6709}"
EndProject
Global
	GlobalSection(SolutionConfigurationPlatforms) = preSolution
		Debug|Any CPU = Debug|Any CPU
		Release|Any CPU = Release|Any CPU
	EndGlobalSection
	GlobalSection(ProjectConfigurationPlatforms) = postSolution
		{5A9206D8-6BC7-49B9-9E34-595EC63C7E0B}.Debug|Any CPU.ActiveCfg = Debug|Any CPU
		{5A9206D8-6BC7-49B9-9E34-595EC63C7E0B}.Debug|Any CPU.Build.0 = Debug|Any CPU
		{5A9206D8-6BC7-49B9-9E34-595EC63C7E0B}.Release|Any CPU.ActiveCfg = Release|Any CPU
		{5A9206D8-6BC7-49B9-9E34-595EC63C7E0B}.Release|Any CPU.Build.0 = Release|Any CPU
		{B7FB55D8-5233-496A-BA4C-64D73038511A}.Debug|Any CPU.ActiveCfg = Debug|Any CPU
		{B7FB55D8-5233-496A-BA4C-64D73038511A}.Debug|Any CPU.Build.0 = Debug|Any CPU
		{B7FB55D8-5233-496A-BA4C-64D73038511A}.Release|Any CPU.ActiveCfg = Release|Any CPU
		{B7FB55D8-5233-496A-BA4C-64D73038511A}.Release|Any CPU.Build.0 = Release|Any CPU
		{527F6989-EB86-474C-A02D-8F6065FFCBBC}.Debug|Any CPU.ActiveCfg = Debug|Any CPU
		{527F6989-EB86-474C-A02D-8F6065FFCBBC}.Debug|Any CPU.Build.0 = Debug|Any CPU
		{527F6989-EB86-474C-A02D-8F6065FFCBBC}.Release|Any CPU.ActiveCfg = Release|Any CPU
		{527F6989-EB86-474C-A02D-8F6065FFCBBC}.Release|Any CPU.Build.0 = Release|Any CPU
		{8E0B37B6-7FB9-4DEE-B305-97EFF2BC687D}.Debug|Any CPU.ActiveCfg = Debug|Any CPU
		{8E0B37B6-7FB9-4DEE-B305-97EFF2BC687D}.Debug|Any CPU.Build.0 = Debug|Any CPU
		{8E0B37B6-7FB9-4DEE-B305-97EFF2BC687D}.Release|Any CPU.ActiveCfg = Release|Any CPU
		{8E0B37B6-7FB9-4DEE-B305-97EFF2BC687D}.Release|Any CPU.Build.0 = Release|Any CPU
		{9602F10E-B6DE-4A5C-AE4D-C331E0961435}.Debug|Any CPU.ActiveCfg = Debug|Any CPU
		{9602F10E-B6DE-4A5C-AE4D-C331E0961435}.Debug|Any CPU.Build.0 = Debug|Any CPU
		{9602F10E-B6DE-4A5C-AE4D-C331E0961435}.Release|Any CPU.ActiveCfg = Release|Any CPU
		{9602F10E-B6DE-4A5C-AE4D-C331E0961435}.Release|Any CPU.Build.0 = Release|Any CPU
		{BB79852B-F75B-415A-8C0C-83835F0F6709}.Debug|Any CPU.ActiveCfg = Debug|Any CPU
		{BB79852B-F75B-415A-8C0C-83835F0F6709}.Debug|Any CPU.Build.0 = Debug|Any CPU
		{BB79852B-F75B-415A-8C0C-83835F0F6709}.Release|Any CPU.ActiveCfg = Release|Any CPU
		{BB79852B-F75B-415A-8C0C-83835F0F6709}.Release|Any CPU.Build.0 = Release|Any CPU
	EndGlobalSection
	GlobalSection(SolutionProperties) = preSolution
		HideSolutionNode = FALSE
	EndGlobalSection
	GlobalSection(NestedProjects) = preSolution
		{5A9206D8-6BC7-49B9-9E34-595EC63C7E0B} = {878717BA-9C0F-488E-B388-9F8D08C75299}
		{B7FB55D8-5233-496A-BA4C-64D73038511A} = {878717BA-9C0F-488E-B388-9F8D08C75299}
		{527F6989-EB86-474C-A02D-8F6065FFCBBC} = {878717BA-9C0F-488E-B388-9F8D08C75299}
		{8E0B37B6-7FB9-4DEE-B305-97EFF2BC687D} = {CA1D21B5-B10E-452E-B018-127C3D072A7E}
		{9602F10E-B6DE-4A5C-AE4D-C331E0961435} = {CA1D21B5-B10E-452E-B018-127C3D072A7E}
		{BB79852B-F75B-415A-8C0C-83835F0F6709} = {CA1D21B5-B10E-452E-B018-127C3D072A7E}
	EndGlobalSection
	GlobalSection(ExtensibilityGlobals) = postSolution
		SolutionGuid = {04A0A914-BE6C-4AEA-8E76-E05DFBFF848E}
	EndGlobalSection
EndGlobal
