
Microsoft Visual Studio Solution File, Format Version 12.00
# Visual Studio Version 16
VisualStudioVersion = 16.0.33927.289
MinimumVisualStudioVersion = 10.0.40219.1
Project("{FAE04EC0-301F-11D3-BF4B-00C04F79EFBC}") = "Tyuiu.IlyinME.Sprint2.Task0.V17", "Tyuiu.IlyinME.Sprint2.Task0.V17\Tyuiu.IlyinME.Sprint2.Task0.V17.csproj", "{5A9206D8-6BC7-49B9-9E34-595EC63C7E0B}"
EndProject
Project("{2150E333-8FDC-42A3-9474-1A3956D46DE8}") = "Task0", "Task0", "{878717BA-9C0F-488E-B388-9F8D08C75299}"
EndProject
Project("{FAE04EC0-301F-11D3-BF4B-00C04F79EFBC}") = "Tyuiu.IlyinME.Sprint2.Task0.V17.Lib", "Tyuiu.IlyinME.Sprint2.Task0.V17.Lib\Tyuiu.IlyinME.Sprint2.Task0.V17.Lib.csproj", "{B7FB55D8-5233-496A-BA4C-64D73038511A}"
EndProject
Project("{FAE04EC0-301F-11D3-BF4B-00C04F79EFBC}") = "Tyuiu.IlyinME.Sprint2.Task0.V17.Test", "Tyuiu.IlyinME.Sprint2.Task0.V17.Test\Tyuiu.IlyinME.Sprint2.Task0.V17.Test.csproj", "{527F6989-EB86-474C-A02D-8F6065FFCBBC}"
EndProject
Project("{2150E333-8FDC-42A3-9474-1A3956D46DE8}") = "Task1", "Task1", "{CA1D21B5-B10E-452E-B018-127C3D072A7E}"
EndProject
Project("{FAE04EC0-301F-11D3-BF4B-00C04F79EFBC}") = "Tyuiu.IlyinME.Sprint2.Task1.V3", "Tyuiu.IlyinME.Sprint2.Task1.V3\Tyuiu.IlyinME.Sprint2.Task1.V3.csproj", "{8E0B37B6-7FB9-4DEE-B305-97EFF2BC687D}"
EndProject
Project("{FAE04EC0-301F-11D3-BF4B-00C04F79EFBC}") = "Tyuiu.IlyinME.Sprint2.Task1.V3.Lib", "Tyuiu.IlyinME.Sprint2.Task1.V3.Lib\Tyuiu.IlyinME.Sprint2.Task1.V3.Lib.csproj", "{9602F10E-B6DE-4A5C-AE4D-C331E0961435}"
EndProject
Project("{FAE04EC0-301F-11D3-BF4B-00C04F79EFBC}") = "Tyuiu.IlyinME.Sprint2.Task1.V3.Test", "Tyuiu.IlyinME.Sprint2.Task1.V3.Test\Tyuiu.IlyinME.Sprint2.Task1.V3.Test.csproj", "{BB79852B-F75B-415A-8C0C-83835F0F6709}"
EndProject
Project("{2150E333-8FDC-42A3-9474-1A3956D46DE8}") = "Task2", "Task2", "{66B00D18-670F-4F08-ADD0-C805B71CEAE9}"
EndProject
Project("{FAE04EC0-301F-11D3-BF4B-00C04F79EFBC}") = "Tyuiu.IlyinME.Sprint2.Task2.V22", "Tyuiu.IlyinME.Sprint2.Task2.V22\Tyuiu.IlyinME.Sprint2.Task2.V22.csproj", "{6A093731-1B91-40B5-84D5-6C4EB161F286}"
EndProject
Project("{FAE04EC0-301F-11D3-BF4B-00C04F79EFBC}") = "Tyuiu.IlyinME.Sprint2.Task2.V22.Lib", "Tyuiu.IlyinME.Sprint2.Task2.V22.Lib\Tyuiu.IlyinME.Sprint2.Task2.V22.Lib.csproj", "{BDF099BE-117D-4AD5-8E1D-C081E13AE73F}"
EndProject
Project("{FAE04EC0-301F-11D3-BF4B-00C04F79EFBC}") = "Tyuiu.IlyinME.Sprint2.Task2.V22.Test", "Tyuiu.IlyinME.Sprint2.Task2.V22.Test\Tyuiu.IlyinME.Sprint2.Task2.V22.Test.csproj", "{E2EB1EA3-8AAA-4C92-9DFA-ED9A4748EFBD}"
EndProject
Project("{2150E333-8FDC-42A3-9474-1A3956D46DE8}") = "Task3", "Task3", "{366668B2-8E2D-4FEE-950B-DD599BBAC9AA}"
EndProject
Project("{FAE04EC0-301F-11D3-BF4B-00C04F79EFBC}") = "Tyuiu.IlyinME.Sprint2.Task3.V30", "Tyuiu.IlyinME.Sprint2.Task3.V30\Tyuiu.IlyinME.Sprint2.Task3.V30.csproj", "{C75AB414-0258-438D-BA86-06FF67F763DD}"
EndProject
Project("{FAE04EC0-301F-11D3-BF4B-00C04F79EFBC}") = "Tyuiu.IlyinME.Sprint2.Task3.V30.Lib", "Tyuiu.IlyinME.Sprint2.Task3.V30.Lib\Tyuiu.IlyinME.Sprint2.Task3.V30.Lib.csproj", "{5BD278B2-D742-4D11-BCDD-1AD690C532EE}"
EndProject
Project("{FAE04EC0-301F-11D3-BF4B-00C04F79EFBC}") = "Tyuiu.IlyinME.Sprint2.Task3.V30.Test", "Tyuiu.IlyinME.Sprint2.Task3.V30.Test\Tyuiu.IlyinME.Sprint2.Task3.V30.Test.csproj", "{B58CF52B-0F71-4BA2-B0DF-7210182BCC65}"
EndProject
Project("{2150E333-8FDC-42A3-9474-1A3956D46DE8}") = "Task4", "Task4", "{D59CCE81-3716-4715-9F3C-A3ED8E0B9217}"
EndProject
Project("{FAE04EC0-301F-11D3-BF4B-00C04F79EFBC}") = "Tyuiu.IlyinME.Sprint2.Task4.V8", "Tyuiu.IlyinME.Sprint2.Task4.V8\Tyuiu.IlyinME.Sprint2.Task4.V8.csproj", "{AF5D1DF0-69BC-4649-A55B-6EC59C226736}"
EndProject
Project("{FAE04EC0-301F-11D3-BF4B-00C04F79EFBC}") = "Tyuiu.IlyinME.Sprint2.Task4.V8.Lib", "Tyuiu.IlyinME.Sprint2.Task4.V8.Lib\Tyuiu.IlyinME.Sprint2.Task4.V8.Lib.csproj", "{39E1E1B2-E4C3-44A3-90BF-794564D3AE84}"
EndProject
Project("{FAE04EC0-301F-11D3-BF4B-00C04F79EFBC}") = "Tyuiu.IlyinME.Sprint2.Task4.V8.Test", "Tyuiu.IlyinME.Sprint2.Task4.V8.Test\Tyuiu.IlyinME.Sprint2.Task4.V8.Test.csproj", "{0C1D1F8A-21D6-4780-B305-848F92E722F8}"
EndProject
Project("{2150E333-8FDC-42A3-9474-1A3956D46DE8}") = "Task5", "Task5", "{7EC2BD50-C76F-4829-971C-43757F6791A3}"
EndProject
Project("{FAE04EC0-301F-11D3-BF4B-00C04F79EFBC}") = "Tyuiu.IlyinME.Sprint2.Task5.V7", "Tyuiu.IlyinME.Sprint2.Task5.V7\Tyuiu.IlyinME.Sprint2.Task5.V7.csproj", "{2427E810-C813-4482-9070-37E04B3A1A18}"
EndProject
Project("{FAE04EC0-301F-11D3-BF4B-00C04F79EFBC}") = "Tyuiu.IlyinME.Sprint2.Task5.V7.Lib", "Tyuiu.IlyinME.Sprint2.Task5.V7.Lib\Tyuiu.IlyinME.Sprint2.Task5.V7.Lib.csproj", "{131CF28F-22EA-4C05-936F-09E6442B927C}"
EndProject
Project("{FAE04EC0-301F-11D3-BF4B-00C04F79EFBC}") = "Tyuiu.IlyinME.Sprint2.Task5.V7.Test", "Tyuiu.IlyinME.Sprint2.Task5.V7.Test\Tyuiu.IlyinME.Sprint2.Task5.V7.Test.csproj", "{FB74ED0B-1AA8-47FC-B16A-F0E17431E5DD}"
EndProject
Project("{2150E333-8FDC-42A3-9474-1A3956D46DE8}") = "Task6", "Task6", "{A62B55B7-69BF-4308-90F9-79226F7EFF2B}"
EndProject
Project("{FAE04EC0-301F-11D3-BF4B-00C04F79EFBC}") = "Tyuiu.IlyinME.Sprint2.Task6.V7", "Tyuiu.IlyinME.Sprint2.Task6.V7\Tyuiu.IlyinME.Sprint2.Task6.V7.csproj", "{0CD07FCC-39E7-4BAF-8AA7-0E7DBC1463E0}"
EndProject
Project("{FAE04EC0-301F-11D3-BF4B-00C04F79EFBC}") = "Tyuiu.IlyinME.Sprint2.Task6.V7.Lib", "Tyuiu.IlyinME.Sprint2.Task6.V7.Lib\Tyuiu.IlyinME.Sprint2.Task6.V7.Lib.csproj", "{CBC35594-8D3F-4DDC-BF88-BDB76C11F2FC}"
EndProject
Project("{FAE04EC0-301F-11D3-BF4B-00C04F79EFBC}") = "Tyuiu.IlyinME.Sprint2.Task6.V7.Test", "Tyuiu.IlyinME.Sprint2.Task6.V7.Test\Tyuiu.IlyinME.Sprint2.Task6.V7.Test.csproj", "{A0C7D6B2-A5DE-4D5F-B935-9F914D01CB33}"
EndProject
Global
	GlobalSection(SolutionConfigurationPlatforms) = preSolution
		Debug|Any CPU = Debug|Any CPU
		Release|Any CPU = Release|Any CPU
	EndGlobalSection
	GlobalSection(ProjectConfigurationPlatforms) = postSolution
		{5A9206D8-6BC7-49B9-9E34-595EC63C7E0B}.Debug|Any CPU.ActiveCfg = Debug|Any CPU
		{5A9206D8-6BC7-49B9-9E34-595EC63C7E0B}.Debug|Any CPU.Build.0 = Debug|Any CPU
		{5A9206D8-6BC7-49B9-9E34-595EC63C7E0B}.Release|Any CPU.ActiveCfg = Release|Any CPU
		{5A9206D8-6BC7-49B9-9E34-595EC63C7E0B}.Release|Any CPU.Build.0 = Release|Any CPU
		{B7FB55D8-5233-496A-BA4C-64D73038511A}.Debug|Any CPU.ActiveCfg = Debug|Any CPU
		{B7FB55D8-5233-496A-BA4C-64D73038511A}.Debug|Any CPU.Build.0 = Debug|Any CPU
		{B7FB55D8-5233-496A-BA4C-64D73038511A}.Release|Any CPU.ActiveCfg = Release|Any CPU
		{B7FB55D8-5233-496A-BA4C-64D73038511A}.Release|Any CPU.Build.0 = Release|Any CPU
		{527F6989-EB86-474C-A02D-8F6065FFCBBC}.Debug|Any CPU.ActiveCfg = Debug|Any CPU
		{527F6989-EB86-474C-A02D-8F6065FFCBBC}.Debug|Any CPU.Build.0 = Debug|Any CPU
		{527F6989-EB86-474C-A02D-8F6065FFCBBC}.Release|Any CPU.ActiveCfg = Release|Any CPU
		{527F6989-EB86-474C-A02D-8F6065FFCBBC}.Release|Any CPU.Build.0 = Release|Any CPU
		{8E0B37B6-7FB9-4DEE-B305-97EFF2BC687D}.Debug|Any CPU.ActiveCfg = Debug|Any CPU
		{8E0B37B6-7FB9-4DEE-B305-97EFF2BC687D}.Debug|Any CPU.Build.0 = Debug|Any CPU
		{8E0B37B6-7FB9-4DEE-B305-97EFF2BC687D}.Release|Any CPU.ActiveCfg = Release|Any CPU
		{8E0B37B6-7FB9-4DEE-B305-97EFF2BC687D}.Release|Any CPU.Build.0 = Release|Any CPU
		{9602F10E-B6DE-4A5C-AE4D-C331E0961435}.Debug|Any CPU.ActiveCfg = Debug|Any CPU
		{9602F10E-B6DE-4A5C-AE4D-C331E0961435}.Debug|Any CPU.Build.0 = Debug|Any CPU
		{9602F10E-B6DE-4A5C-AE4D-C331E0961435}.Release|Any CPU.ActiveCfg = Release|Any CPU
		{9602F10E-B6DE-4A5C-AE4D-C331E0961435}.Release|Any CPU.Build.0 = Release|Any CPU
		{BB79852B-F75B-415A-8C0C-83835F0F6709}.Debug|Any CPU.ActiveCfg = Debug|Any CPU
		{BB79852B-F75B-415A-8C0C-83835F0F6709}.Debug|Any CPU.Build.0 = Debug|Any CPU
		{BB79852B-F75B-415A-8C0C-83835F0F6709}.Release|Any CPU.ActiveCfg = Release|Any CPU
		{BB79852B-F75B-415A-8C0C-83835F0F6709}.Release|Any CPU.Build.0 = Release|Any CPU
		{6A093731-1B91-40B5-84D5-6C4EB161F286}.Debug|Any CPU.ActiveCfg = Debug|Any CPU
		{6A093731-1B91-40B5-84D5-6C4EB161F286}.Debug|Any CPU.Build.0 = Debug|Any CPU
		{6A093731-1B91-40B5-84D5-6C4EB161F286}.Release|Any CPU.ActiveCfg = Release|Any CPU
		{6A093731-1B91-40B5-84D5-6C4EB161F286}.Release|Any CPU.Build.0 = Release|Any CPU
		{BDF099BE-117D-4AD5-8E1D-C081E13AE73F}.Debug|Any CPU.ActiveCfg = Debug|Any CPU
		{BDF099BE-117D-4AD5-8E1D-C081E13AE73F}.Debug|Any CPU.Build.0 = Debug|Any CPU
		{BDF099BE-117D-4AD5-8E1D-C081E13AE73F}.Release|Any CPU.ActiveCfg = Release|Any CPU
		{BDF099BE-117D-4AD5-8E1D-C081E13AE73F}.Release|Any CPU.Build.0 = Release|Any CPU
		{E2EB1EA3-8AAA-4C92-9DFA-ED9A4748EFBD}.Debug|Any CPU.ActiveCfg = Debug|Any CPU
		{E2EB1EA3-8AAA-4C92-9DFA-ED9A4748EFBD}.Debug|Any CPU.Build.0 = Debug|Any CPU
		{E2EB1EA3-8AAA-4C92-9DFA-ED9A4748EFBD}.Release|Any CPU.ActiveCfg = Release|Any CPU
		{E2EB1EA3-8AAA-4C92-9DFA-ED9A4748EFBD}.Release|Any CPU.Build.0 = Release|Any CPU
		{C75AB414-0258-438D-BA86-06FF67F763DD}.Debug|Any CPU.ActiveCfg = Debug|Any CPU
		{C75AB414-0258-438D-BA86-06FF67F763DD}.Debug|Any CPU.Build.0 = Debug|Any CPU
		{C75AB414-0258-438D-BA86-06FF67F763DD}.Release|Any CPU.ActiveCfg = Release|Any CPU
		{C75AB414-0258-438D-BA86-06FF67F763DD}.Release|Any CPU.Build.0 = Release|Any CPU
		{5BD278B2-D742-4D11-BCDD-1AD690C532EE}.Debug|Any CPU.ActiveCfg = Debug|Any CPU
		{5BD278B2-D742-4D11-BCDD-1AD690C532EE}.Debug|Any CPU.Build.0 = Debug|Any CPU
		{5BD278B2-D742-4D11-BCDD-1AD690C532EE}.Release|Any CPU.ActiveCfg = Release|Any CPU
		{5BD278B2-D742-4D11-BCDD-1AD690C532EE}.Release|Any CPU.Build.0 = Release|Any CPU
		{B58CF52B-0F71-4BA2-B0DF-7210182BCC65}.Debug|Any CPU.ActiveCfg = Debug|Any CPU
		{B58CF52B-0F71-4BA2-B0DF-7210182BCC65}.Debug|Any CPU.Build.0 = Debug|Any CPU
		{B58CF52B-0F71-4BA2-B0DF-7210182BCC65}.Release|Any CPU.ActiveCfg = Release|Any CPU
		{B58CF52B-0F71-4BA2-B0DF-7210182BCC65}.Release|Any CPU.Build.0 = Release|Any CPU
		{AF5D1DF0-69BC-4649-A55B-6EC59C226736}.Debug|Any CPU.ActiveCfg = Debug|Any CPU
		{AF5D1DF0-69BC-4649-A55B-6EC59C226736}.Debug|Any CPU.Build.0 = Debug|Any CPU
		{AF5D1DF0-69BC-4649-A55B-6EC59C226736}.Release|Any CPU.ActiveCfg = Release|Any CPU
		{AF5D1DF0-69BC-4649-A55B-6EC59C226736}.Release|Any CPU.Build.0 = Release|Any CPU
		{39E1E1B2-E4C3-44A3-90BF-794564D3AE84}.Debug|Any CPU.ActiveCfg = Debug|Any CPU
		{39E1E1B2-E4C3-44A3-90BF-794564D3AE84}.Debug|Any CPU.Build.0 = Debug|Any CPU
		{39E1E1B2-E4C3-44A3-90BF-794564D3AE84}.Release|Any CPU.ActiveCfg = Release|Any CPU
		{39E1E1B2-E4C3-44A3-90BF-794564D3AE84}.Release|Any CPU.Build.0 = Release|Any CPU
		{0C1D1F8A-21D6-4780-B305-848F92E722F8}.Debug|Any CPU.ActiveCfg = Debug|Any CPU
		{0C1D1F8A-21D6-4780-B305-848F92E722F8}.Debug|Any CPU.Build.0 = Debug|Any CPU
		{0C1D1F8A-21D6-4780-B305-848F92E722F8}.Release|Any CPU.ActiveCfg = Release|Any CPU
		{0C1D1F8A-21D6-4780-B305-848F92E722F8}.Release|Any CPU.Build.0 = Release|Any CPU
		{2427E810-C813-4482-9070-37E04B3A1A18}.Debug|Any CPU.ActiveCfg = Debug|Any CPU
		{2427E810-C813-4482-9070-37E04B3A1A18}.Debug|Any CPU.Build.0 = Debug|Any CPU
		{2427E810-C813-4482-9070-37E04B3A1A18}.Release|Any CPU.ActiveCfg = Release|Any CPU
		{2427E810-C813-4482-9070-37E04B3A1A18}.Release|Any CPU.Build.0 = Release|Any CPU
		{131CF28F-22EA-4C05-936F-09E6442B927C}.Debug|Any CPU.ActiveCfg = Debug|Any CPU
		{131CF28F-22EA-4C05-936F-09E6442B927C}.Debug|Any CPU.Build.0 = Debug|Any CPU
		{131CF28F-22EA-4C05-936F-09E6442B927C}.Release|Any CPU.ActiveCfg = Release|Any CPU
		{131CF28F-22EA-4C05-936F-09E6442B927C}.Release|Any CPU.Build.0 = Release|Any CPU
		{FB74ED0B-1AA8-47FC-B16A-F0E17431E5DD}.Debug|Any CPU.ActiveCfg = Debug|Any CPU
		{FB74ED0B-1AA8-47FC-B16A-F0E17431E5DD}.Debug|Any CPU.Build.0 = Debug|Any CPU
		{FB74ED0B-1AA8-47FC-B16A-F0E17431E5DD}.Release|Any CPU.ActiveCfg = Release|Any CPU
		{FB74ED0B-1AA8-47FC-B16A-F0E17431E5DD}.Release|Any CPU.Build.0 = Release|Any CPU
		{0CD07FCC-39E7-4BAF-8AA7-0E7DBC1463E0}.Debug|Any CPU.ActiveCfg = Debug|Any CPU
		{0CD07FCC-39E7-4BAF-8AA7-0E7DBC1463E0}.Debug|Any CPU.Build.0 = Debug|Any CPU
		{0CD07FCC-39E7-4BAF-8AA7-0E7DBC1463E0}.Release|Any CPU.ActiveCfg = Release|Any CPU
		{0CD07FCC-39E7-4BAF-8AA7-0E7DBC1463E0}.Release|Any CPU.Build.0 = Release|Any CPU
		{CBC35594-8D3F-4DDC-BF88-BDB76C11F2FC}.Debug|Any CPU.ActiveCfg = Debug|Any CPU
		{CBC35594-8D3F-4DDC-BF88-BDB76C11F2FC}.Debug|Any CPU.Build.0 = Debug|Any CPU
		{CBC35594-8D3F-4DDC-BF88-BDB76C11F2FC}.Release|Any CPU.ActiveCfg = Release|Any CPU
		{CBC35594-8D3F-4DDC-BF88-BDB76C11F2FC}.Release|Any CPU.Build.0 = Release|Any CPU
		{A0C7D6B2-A5DE-4D5F-B935-9F914D01CB33}.Debug|Any CPU.ActiveCfg = Debug|Any CPU
		{A0C7D6B2-A5DE-4D5F-B935-9F914D01CB33}.Debug|Any CPU.Build.0 = Debug|Any CPU
		{A0C7D6B2-A5DE-4D5F-B935-9F914D01CB33}.Release|Any CPU.ActiveCfg = Release|Any CPU
		{A0C7D6B2-A5DE-4D5F-B935-9F914D01CB33}.Release|Any CPU.Build.0 = Release|Any CPU
	EndGlobalSection
	GlobalSection(SolutionProperties) = preSolution
		HideSolutionNode = FALSE
	EndGlobalSection
	GlobalSection(NestedProjects) = preSolution
		{5A9206D8-6BC7-49B9-9E34-595EC63C7E0B} = {878717BA-9C0F-488E-B388-9F8D08C75299}
		{B7FB55D8-5233-496A-BA4C-64D73038511A} = {878717BA-9C0F-488E-B388-9F8D08C75299}
		{527F6989-EB86-474C-A02D-8F6065FFCBBC} = {878717BA-9C0F-488E-B388-9F8D08C75299}
		{8E0B37B6-7FB9-4DEE-B305-97EFF2BC687D} = {CA1D21B5-B10E-452E-B018-127C3D072A7E}
		{9602F10E-B6DE-4A5C-AE4D-C331E0961435} = {CA1D21B5-B10E-452E-B018-127C3D072A7E}
		{BB79852B-F75B-415A-8C0C-83835F0F6709} = {CA1D21B5-B10E-452E-B018-127C3D072A7E}
		{6A093731-1B91-40B5-84D5-6C4EB161F286} = {66B00D18-670F-4F08-ADD0-C805B71CEAE9}
		{BDF099BE-117D-4AD5-8E1D-C081E13AE73F} = {66B00D18-670F-4F08-ADD0-C805B71CEAE9}
		{E2EB1EA3-8AAA-4C92-9DFA-ED9A4748EFBD} = {66B00D18-670F-4F08-ADD0-C805B71CEAE9}
		{C75AB414-0258-438D-BA86-06FF67F763DD} = {366668B2-8E2D-4FEE-950B-DD599BBAC9AA}
		{5BD278B2-D742-4D11-BCDD-1AD690C532EE} = {366668B2-8E2D-4FEE-950B-DD599BBAC9AA}
		{B58CF52B-0F71-4BA2-B0DF-7210182BCC65} = {366668B2-8E2D-4FEE-950B-DD599BBAC9AA}
		{AF5D1DF0-69BC-4649-A55B-6EC59C226736} = {D59CCE81-3716-4715-9F3C-A3ED8E0B9217}
		{39E1E1B2-E4C3-44A3-90BF-794564D3AE84} = {D59CCE81-3716-4715-9F3C-A3ED8E0B9217}
		{0C1D1F8A-21D6-4780-B305-848F92E722F8} = {D59CCE81-3716-4715-9F3C-A3ED8E0B9217}
		{2427E810-C813-4482-9070-37E04B3A1A18} = {7EC2BD50-C76F-4829-971C-43757F6791A3}
		{131CF28F-22EA-4C05-936F-09E6442B927C} = {7EC2BD50-C76F-4829-971C-43757F6791A3}
		{FB74ED0B-1AA8-47FC-B16A-F0E17431E5DD} = {7EC2BD50-C76F-4829-971C-43757F6791A3}
		{0CD07FCC-39E7-4BAF-8AA7-0E7DBC1463E0} = {A62B55B7-69BF-4308-90F9-79226F7EFF2B}
		{CBC35594-8D3F-4DDC-BF88-BDB76C11F2FC} = {A62B55B7-69BF-4308-90F9-79226F7EFF2B}
		{A0C7D6B2-A5DE-4D5F-B935-9F914D01CB33} = {A62B55B7-69BF-4308-90F9-79226F7EFF2B}
	EndGlobalSection
	GlobalSection(ExtensibilityGlobals) = postSolution
		SolutionGuid = {04A0A914-BE6C-4AEA-8E76-E05DFBFF848E}
	EndGlobalSection
EndGlobal
